
Microsoft Visual Studio Solution File, Format Version 12.00
# Visual Studio Version 17
VisualStudioVersion = 17.5.002.0
MinimumVisualStudioVersion = 10.0.40219.1
Project("{9A19103F-16F7-4668-BE54-9A1E7A4F7556}") = "Seminar5", "Seminar5.csproj", "{2F9C5B59-267F-42AB-B3D8-8C1637876067}"
EndProject
Global
	GlobalSection(SolutionConfigurationPlatforms) = preSolution
		Debug|Any CPU = Debug|Any CPU
		Release|Any CPU = Release|Any CPU
	EndGlobalSection
	GlobalSection(ProjectConfigurationPlatforms) = postSolution
		{2F9C5B59-267F-42AB-B3D8-8C1637876067}.Debug|Any CPU.ActiveCfg = Debug|Any CPU
		{2F9C5B59-267F-42AB-B3D8-8C1637876067}.Debug|Any CPU.Build.0 = Debug|Any CPU
		{2F9C5B59-267F-42AB-B3D8-8C1637876067}.Release|Any CPU.ActiveCfg = Release|Any CPU
		{2F9C5B59-267F-42AB-B3D8-8C1637876067}.Release|Any CPU.Build.0 = Release|Any CPU
	EndGlobalSection
	GlobalSection(SolutionProperties) = preSolution
		HideSolutionNode = FALSE
	EndGlobalSection
	GlobalSection(ExtensibilityGlobals) = postSolution
		SolutionGuid = {45F627A5-F468-4E56-AC7F-E75D28A272EE}
	EndGlobalSection
EndGlobal
