
Microsoft Visual Studio Solution File, Format Version 12.00
# Visual Studio Version 17
VisualStudioVersion = 17.5.002.0
MinimumVisualStudioVersion = 10.0.40219.1
Project("{9A19103F-16F7-4668-BE54-9A1E7A4F7556}") = "DZ_seminar3", "DZ_seminar3.csproj", "{398AC6D8-E782-400A-BABE-C04064DF3F7B}"
EndProject
Global
	GlobalSection(SolutionConfigurationPlatforms) = preSolution
		Debug|Any CPU = Debug|Any CPU
		Release|Any CPU = Release|Any CPU
	EndGlobalSection
	GlobalSection(ProjectConfigurationPlatforms) = postSolution
		{398AC6D8-E782-400A-BABE-C04064DF3F7B}.Debug|Any CPU.ActiveCfg = Debug|Any CPU
		{398AC6D8-E782-400A-BABE-C04064DF3F7B}.Debug|Any CPU.Build.0 = Debug|Any CPU
		{398AC6D8-E782-400A-BABE-C04064DF3F7B}.Release|Any CPU.ActiveCfg = Release|Any CPU
		{398AC6D8-E782-400A-BABE-C04064DF3F7B}.Release|Any CPU.Build.0 = Release|Any CPU
	EndGlobalSection
	GlobalSection(SolutionProperties) = preSolution
		HideSolutionNode = FALSE
	EndGlobalSection
	GlobalSection(ExtensibilityGlobals) = postSolution
		SolutionGuid = {48E77534-A520-448B-8ABE-C4F01754A372}
	EndGlobalSection
EndGlobal
